
Microsoft Visual Studio Solution File, Format Version 12.00
# Visual Studio Version 17
VisualStudioVersion = 17.8.34330.188
MinimumVisualStudioVersion = 10.0.40219.1
Project("{FAE04EC0-301F-11D3-BF4B-00C04F79EFBC}") = "ServiceBusFunction", "ServiceBusFunction.csproj", "{7AC30B68-312E-423F-AA43-E824CA6BDEC4}"
EndProject
Global
	GlobalSection(SolutionConfigurationPlatforms) = preSolution
		Debug|Any CPU = Debug|Any CPU
		Release|Any CPU = Release|Any CPU
	EndGlobalSection
	GlobalSection(ProjectConfigurationPlatforms) = postSolution
		{7AC30B68-312E-423F-AA43-E824CA6BDEC4}.Debug|Any CPU.ActiveCfg = Debug|Any CPU
		{7AC30B68-312E-423F-AA43-E824CA6BDEC4}.Debug|Any CPU.Build.0 = Debug|Any CPU
		{7AC30B68-312E-423F-AA43-E824CA6BDEC4}.Release|Any CPU.ActiveCfg = Release|Any CPU
		{7AC30B68-312E-423F-AA43-E824CA6BDEC4}.Release|Any CPU.Build.0 = Release|Any CPU
	EndGlobalSection
	GlobalSection(SolutionProperties) = preSolution
		HideSolutionNode = FALSE
	EndGlobalSection
	GlobalSection(ExtensibilityGlobals) = postSolution
		SolutionGuid = {BFF2619E-3035-492D-B677-9A7FB35E725C}
	EndGlobalSection
EndGlobal
